#
# This file is autogenerated by pip-compile with Python 3.11
# by the following command:
#
#    pip-compile --output-file=local_run/requirements.local.lock local_run/requirements.local.txt
#
boto3==1.42.14
    # via -r local_run/requirements.local.txt
botocore==1.42.14
    # via
    #   boto3
    #   s3transfer
certifi==2025.11.12
    # via requests
charset-normalizer==3.4.4
    # via requests
duckdb==1.4.3
    # via -r local_run/requirements.local.txt
idna==3.11
    # via requests
jmespath==1.0.1
    # via
    #   boto3
    #   botocore
narwhals==2.14.0
    # via plotly
numpy==2.3.5
    # via
    #   -r local_run/requirements.local.txt
    #   pandas
packaging==25.0
    # via plotly
pandas==2.3.3
    # via -r local_run/requirements.local.txt
plotly==6.5.0
    # via -r local_run/requirements.local.txt
pyarrow==22.0.0
    # via -r local_run/requirements.local.txt
pycountry==24.6.1
    # via -r local_run/requirements.local.txt
python-dateutil==2.9.0.post0
    # via
    #   -r local_run/requirements.local.txt
    #   botocore
    #   pandas
pytz==2025.2
    # via pandas
requests==2.32.5
    # via -r local_run/requirements.local.txt
s3transfer==0.16.0
    # via boto3
six==1.17.0
    # via python-dateutil
tzdata==2025.3
    # via pandas
urllib3==2.6.2
    # via
    #   -r local_run/requirements.local.txt
    #   botocore
    #   requests
